
Microsoft Visual Studio Solution File, Format Version 12.00
# Visual Studio 15
VisualStudioVersion = 15.0.28307.168
MinimumVisualStudioVersion = 10.0.40219.1
Project("{FAE04EC0-301F-11D3-BF4B-00C04F79EFBC}") = "Coursework1", "Coursework1\Coursework1.csproj", "{BE17175A-14E4-438C-8D37-E4C432F64A45}"
EndProject
Global
	GlobalSection(SolutionConfigurationPlatforms) = preSolution
		Debug|Any CPU = Debug|Any CPU
		Release|Any CPU = Release|Any CPU
	EndGlobalSection
	GlobalSection(ProjectConfigurationPlatforms) = postSolution
		{BE17175A-14E4-438C-8D37-E4C432F64A45}.Debug|Any CPU.ActiveCfg = Debug|Any CPU
		{BE17175A-14E4-438C-8D37-E4C432F64A45}.Debug|Any CPU.Build.0 = Debug|Any CPU
		{BE17175A-14E4-438C-8D37-E4C432F64A45}.Release|Any CPU.ActiveCfg = Release|Any CPU
		{BE17175A-14E4-438C-8D37-E4C432F64A45}.Release|Any CPU.Build.0 = Release|Any CPU
	EndGlobalSection
	GlobalSection(SolutionProperties) = preSolution
		HideSolutionNode = FALSE
	EndGlobalSection
	GlobalSection(ExtensibilityGlobals) = postSolution
		SolutionGuid = {0D3BB2E6-CD24-403A-B0F9-65EA9C92199F}
	EndGlobalSection
EndGlobal
